
Microsoft Visual Studio Solution File, Format Version 12.00
# Visual Studio Version 17
VisualStudioVersion = 17.5.002.0
MinimumVisualStudioVersion = 10.0.40219.1
Project("{9A19103F-16F7-4668-BE54-9A1E7A4F7556}") = "PlateformeFilm", "PlateformeFilm.csproj", "{7942229E-2954-48DB-9ECB-2B736D7CBB8C}"
EndProject
Global
	GlobalSection(SolutionConfigurationPlatforms) = preSolution
		Debug|Any CPU = Debug|Any CPU
		Release|Any CPU = Release|Any CPU
	EndGlobalSection
	GlobalSection(ProjectConfigurationPlatforms) = postSolution
		{7942229E-2954-48DB-9ECB-2B736D7CBB8C}.Debug|Any CPU.ActiveCfg = Debug|Any CPU
		{7942229E-2954-48DB-9ECB-2B736D7CBB8C}.Debug|Any CPU.Build.0 = Debug|Any CPU
		{7942229E-2954-48DB-9ECB-2B736D7CBB8C}.Release|Any CPU.ActiveCfg = Release|Any CPU
		{7942229E-2954-48DB-9ECB-2B736D7CBB8C}.Release|Any CPU.Build.0 = Release|Any CPU
	EndGlobalSection
	GlobalSection(SolutionProperties) = preSolution
		HideSolutionNode = FALSE
	EndGlobalSection
	GlobalSection(ExtensibilityGlobals) = postSolution
		SolutionGuid = {E002BB62-7EE8-4AEF-8A07-BE92810BF7B5}
	EndGlobalSection
EndGlobal
